
Microsoft Visual Studio Solution File, Format Version 12.00
# Visual Studio 15
VisualStudioVersion = 15.0.27428.2043
MinimumVisualStudioVersion = 10.0.40219.1
Project("{FAE04EC0-301F-11D3-BF4B-00C04F79EFBC}") = "B10523025_1", "B10523025_1\B10523025_1.csproj", "{8ABDEE19-9EC7-4B51-9C22-3BD428DD4367}"
EndProject
Global
	GlobalSection(SolutionConfigurationPlatforms) = preSolution
		Debug|Any CPU = Debug|Any CPU
		Release|Any CPU = Release|Any CPU
	EndGlobalSection
	GlobalSection(ProjectConfigurationPlatforms) = postSolution
		{8ABDEE19-9EC7-4B51-9C22-3BD428DD4367}.Debug|Any CPU.ActiveCfg = Debug|Any CPU
		{8ABDEE19-9EC7-4B51-9C22-3BD428DD4367}.Debug|Any CPU.Build.0 = Debug|Any CPU
		{8ABDEE19-9EC7-4B51-9C22-3BD428DD4367}.Release|Any CPU.ActiveCfg = Release|Any CPU
		{8ABDEE19-9EC7-4B51-9C22-3BD428DD4367}.Release|Any CPU.Build.0 = Release|Any CPU
	EndGlobalSection
	GlobalSection(SolutionProperties) = preSolution
		HideSolutionNode = FALSE
	EndGlobalSection
	GlobalSection(ExtensibilityGlobals) = postSolution
		SolutionGuid = {BB7688A9-B527-4125-97AB-20C1D4286659}
	EndGlobalSection
EndGlobal
